
Microsoft Visual Studio Solution File, Format Version 12.00
# Visual Studio Version 17
VisualStudioVersion = 17.4.33213.308
MinimumVisualStudioVersion = 10.0.40219.1
Project("{FAE04EC0-301F-11D3-BF4B-00C04F79EFBC}") = "lab1webtinh", "lab1webtinh\lab1webtinh.csproj", "{780C8E2B-742E-4B7D-9ACB-F3F98BCCBCEF}"
EndProject
Global
	GlobalSection(SolutionConfigurationPlatforms) = preSolution
		Debug|Any CPU = Debug|Any CPU
		Release|Any CPU = Release|Any CPU
	EndGlobalSection
	GlobalSection(ProjectConfigurationPlatforms) = postSolution
		{780C8E2B-742E-4B7D-9ACB-F3F98BCCBCEF}.Debug|Any CPU.ActiveCfg = Debug|Any CPU
		{780C8E2B-742E-4B7D-9ACB-F3F98BCCBCEF}.Debug|Any CPU.Build.0 = Debug|Any CPU
		{780C8E2B-742E-4B7D-9ACB-F3F98BCCBCEF}.Release|Any CPU.ActiveCfg = Release|Any CPU
		{780C8E2B-742E-4B7D-9ACB-F3F98BCCBCEF}.Release|Any CPU.Build.0 = Release|Any CPU
	EndGlobalSection
	GlobalSection(SolutionProperties) = preSolution
		HideSolutionNode = FALSE
	EndGlobalSection
	GlobalSection(ExtensibilityGlobals) = postSolution
		SolutionGuid = {E532F891-C21B-4D46-A470-11142059AB0D}
	EndGlobalSection
EndGlobal
